// !$*UTF8*$!
{
	archiveVersion = 1;
	classes = {
	};
	objectVersion = 77;
	objects = {

/* Begin PBXBuildFile section */
		058EC1BFB4A272F8E6F8A7A7 /* LunchboxWidgetBundle.swift in Sources */ = {isa = PBXBuildFile; fileRef = 73E0B975A4CF0F345E4C8B41 /* LunchboxWidgetBundle.swift */; };
		1B1A86F9EAFF86B30E2A4D84 /* OneNumberWidget.appex in Embed Foundation Extensions */ = {isa = PBXBuildFile; fileRef = 40B837665A91031932F9A7F1 /* OneNumberWidget.appex */; settings = {ATTRIBUTES = (RemoveHeadersOnCopy, ); }; };
		207F0017BB9C56A6FF90D8F9 /* LunchboxApp.swift in Sources */ = {isa = PBXBuildFile; fileRef = 34E5E892E77146F0D818135B /* LunchboxApp.swift */; };
		36B7A4B9B56B3DF60A64D84A /* LunchboxSnapshot.swift in Sources */ = {isa = PBXBuildFile; fileRef = A85216F7533DDCFF7D081967 /* LunchboxSnapshot.swift */; };
		48184291BEA4D2C88FA161B4 /* DevHostConfig.swift in Sources */ = {isa = PBXBuildFile; fileRef = 312CCDABBCD02853F632CF99 /* DevHostConfig.swift */; };
		494F63576D5EFCC134D43CFE /* SnapshotFetcher.swift in Sources */ = {isa = PBXBuildFile; fileRef = 863CB02C432577EBC64A9BF5 /* SnapshotFetcher.swift */; };
		525EDA327F399727FE4FD759 /* AppViewModel.swift in Sources */ = {isa = PBXBuildFile; fileRef = F47CFB8418CEFB014038630E /* AppViewModel.swift */; };
		62B9E6101F30845D5B81B100 /* LunchboxSnapshot.swift in Sources */ = {isa = PBXBuildFile; fileRef = A85216F7533DDCFF7D081967 /* LunchboxSnapshot.swift */; };
		6A6E0DF6EA80DDBAF2A48F1E /* LunchboxWidget.swift in Sources */ = {isa = PBXBuildFile; fileRef = C7C5DD2BAF2CDDC909E983AF /* LunchboxWidget.swift */; };
		830775ADAFBA9DDAE7BA4971 /* SnapshotFetcher.swift in Sources */ = {isa = PBXBuildFile; fileRef = 863CB02C432577EBC64A9BF5 /* SnapshotFetcher.swift */; };
		A1292CB0C34EAFD5F0DE0A0A /* LunchboxWidgetIntent.swift in Sources */ = {isa = PBXBuildFile; fileRef = 9391D3BD1F38590EEA2F4B26 /* LunchboxWidgetIntent.swift */; };
		DF907D2B3A02FC096414C74B /* SnapshotStore.swift in Sources */ = {isa = PBXBuildFile; fileRef = 50D873C090C353454E1D7D92 /* SnapshotStore.swift */; };
		E39AC594D951D07EEE42EA6B /* DevHostConfig.swift in Sources */ = {isa = PBXBuildFile; fileRef = 312CCDABBCD02853F632CF99 /* DevHostConfig.swift */; };
		E4EFDCAEE8A43B236C229048 /* SnapshotStore.swift in Sources */ = {isa = PBXBuildFile; fileRef = 50D873C090C353454E1D7D92 /* SnapshotStore.swift */; };
		EBE4D0F788BCDAD250890A64 /* ContentView.swift in Sources */ = {isa = PBXBuildFile; fileRef = 8921014C314BE09CB9AFEDF0 /* ContentView.swift */; };
/* End PBXBuildFile section */

/* Begin PBXContainerItemProxy section */
		E8B2F14C8CE877B7E9D093AF /* PBXContainerItemProxy */ = {
			isa = PBXContainerItemProxy;
			containerPortal = D1F89756A513547DF9285FEB /* Project object */;
			proxyType = 1;
			remoteGlobalIDString = 0E2B86FB16AAFE49A9D26AAA;
			remoteInfo = OneNumberWidget;
		};
/* End PBXContainerItemProxy section */

/* Begin PBXCopyFilesBuildPhase section */
		399B78D457728215D2F38248 /* Embed Foundation Extensions */ = {
			isa = PBXCopyFilesBuildPhase;
			buildActionMask = 2147483647;
			dstPath = "";
			dstSubfolderSpec = 13;
			files = (
				1B1A86F9EAFF86B30E2A4D84 /* OneNumberWidget.appex in Embed Foundation Extensions */,
			);
			name = "Embed Foundation Extensions";
			runOnlyForDeploymentPostprocessing = 0;
		};
/* End PBXCopyFilesBuildPhase section */

/* Begin PBXFileReference section */
		2D6DBB0760B97C8BD2646069 /* LunchboxWidget.entitlements */ = {isa = PBXFileReference; lastKnownFileType = text.plist.entitlements; path = LunchboxWidget.entitlements; sourceTree = "<group>"; };
		312CCDABBCD02853F632CF99 /* DevHostConfig.swift */ = {isa = PBXFileReference; lastKnownFileType = sourcecode.swift; path = DevHostConfig.swift; sourceTree = "<group>"; };
		34E5E892E77146F0D818135B /* LunchboxApp.swift */ = {isa = PBXFileReference; lastKnownFileType = sourcecode.swift; path = LunchboxApp.swift; sourceTree = "<group>"; };
		40B837665A91031932F9A7F1 /* OneNumberWidget.appex */ = {isa = PBXFileReference; includeInIndex = 0; lastKnownFileType = "wrapper.app-extension"; path = OneNumberWidget.appex; sourceTree = BUILT_PRODUCTS_DIR; };
		504A125D87AB41214DE1B27F /* Info.plist */ = {isa = PBXFileReference; lastKnownFileType = text.plist; path = Info.plist; sourceTree = "<group>"; };
		50D873C090C353454E1D7D92 /* SnapshotStore.swift */ = {isa = PBXFileReference; lastKnownFileType = sourcecode.swift; path = SnapshotStore.swift; sourceTree = "<group>"; };
		73E0B975A4CF0F345E4C8B41 /* LunchboxWidgetBundle.swift */ = {isa = PBXFileReference; lastKnownFileType = sourcecode.swift; path = LunchboxWidgetBundle.swift; sourceTree = "<group>"; };
		863CB02C432577EBC64A9BF5 /* SnapshotFetcher.swift */ = {isa = PBXFileReference; lastKnownFileType = sourcecode.swift; path = SnapshotFetcher.swift; sourceTree = "<group>"; };
		8921014C314BE09CB9AFEDF0 /* ContentView.swift */ = {isa = PBXFileReference; lastKnownFileType = sourcecode.swift; path = ContentView.swift; sourceTree = "<group>"; };
		9391D3BD1F38590EEA2F4B26 /* LunchboxWidgetIntent.swift */ = {isa = PBXFileReference; lastKnownFileType = sourcecode.swift; path = LunchboxWidgetIntent.swift; sourceTree = "<group>"; };
		A27F8BE8DC4375F335C87449 /* Info.plist */ = {isa = PBXFileReference; lastKnownFileType = text.plist; path = Info.plist; sourceTree = "<group>"; };
		A85216F7533DDCFF7D081967 /* LunchboxSnapshot.swift */ = {isa = PBXFileReference; lastKnownFileType = sourcecode.swift; path = LunchboxSnapshot.swift; sourceTree = "<group>"; };
		AFABFDD6529C32793E22984B /* Lunchbox.app */ = {isa = PBXFileReference; includeInIndex = 0; lastKnownFileType = wrapper.application; path = Lunchbox.app; sourceTree = BUILT_PRODUCTS_DIR; };
		C7C5DD2BAF2CDDC909E983AF /* LunchboxWidget.swift */ = {isa = PBXFileReference; lastKnownFileType = sourcecode.swift; path = LunchboxWidget.swift; sourceTree = "<group>"; };
		EDB69F57233B05AA095A89A1 /* LunchboxApp.entitlements */ = {isa = PBXFileReference; lastKnownFileType = text.plist.entitlements; path = LunchboxApp.entitlements; sourceTree = "<group>"; };
		F47CFB8418CEFB014038630E /* AppViewModel.swift */ = {isa = PBXFileReference; lastKnownFileType = sourcecode.swift; path = AppViewModel.swift; sourceTree = "<group>"; };
/* End PBXFileReference section */

/* Begin PBXGroup section */
		2B3852C697DF4F04457DBC00 /* Shared */ = {
			isa = PBXGroup;
			children = (
				312CCDABBCD02853F632CF99 /* DevHostConfig.swift */,
				A85216F7533DDCFF7D081967 /* LunchboxSnapshot.swift */,
				863CB02C432577EBC64A9BF5 /* SnapshotFetcher.swift */,
				50D873C090C353454E1D7D92 /* SnapshotStore.swift */,
			);
			name = Shared;
			path = ios/Shared;
			sourceTree = "<group>";
		};
		342F1AB28CE8AD1951D2CDA6 /* OneNumberWidget */ = {
			isa = PBXGroup;
			children = (
				A27F8BE8DC4375F335C87449 /* Info.plist */,
				2D6DBB0760B97C8BD2646069 /* LunchboxWidget.entitlements */,
				C7C5DD2BAF2CDDC909E983AF /* LunchboxWidget.swift */,
				73E0B975A4CF0F345E4C8B41 /* LunchboxWidgetBundle.swift */,
				9391D3BD1F38590EEA2F4B26 /* LunchboxWidgetIntent.swift */,
			);
			name = OneNumberWidget;
			path = ios/OneNumberWidget;
			sourceTree = "<group>";
		};
		A94AEA66B348941B18FE6359 /* Lunchbox */ = {
			isa = PBXGroup;
			children = (
				F47CFB8418CEFB014038630E /* AppViewModel.swift */,
				8921014C314BE09CB9AFEDF0 /* ContentView.swift */,
				504A125D87AB41214DE1B27F /* Info.plist */,
				EDB69F57233B05AA095A89A1 /* LunchboxApp.entitlements */,
				34E5E892E77146F0D818135B /* LunchboxApp.swift */,
			);
			name = Lunchbox;
			path = ios/Lunchbox;
			sourceTree = "<group>";
		};
		B3A2EF0B5BBB0726C9CE9CF6 /* Products */ = {
			isa = PBXGroup;
			children = (
				AFABFDD6529C32793E22984B /* Lunchbox.app */,
				40B837665A91031932F9A7F1 /* OneNumberWidget.appex */,
			);
			name = Products;
			sourceTree = "<group>";
		};
		BBA69DE23CA694435E42502F = {
			isa = PBXGroup;
			children = (
				A94AEA66B348941B18FE6359 /* Lunchbox */,
				342F1AB28CE8AD1951D2CDA6 /* OneNumberWidget */,
				2B3852C697DF4F04457DBC00 /* Shared */,
				B3A2EF0B5BBB0726C9CE9CF6 /* Products */,
			);
			sourceTree = "<group>";
		};
/* End PBXGroup section */

/* Begin PBXNativeTarget section */
		0E2B86FB16AAFE49A9D26AAA /* OneNumberWidget */ = {
			isa = PBXNativeTarget;
			buildConfigurationList = 93D94F8F78209D78A5701C13 /* Build configuration list for PBXNativeTarget "OneNumberWidget" */;
			buildPhases = (
				549ED0AEAA464ACB183AB40A /* Sources */,
			);
			buildRules = (
			);
			dependencies = (
			);
			name = OneNumberWidget;
			packageProductDependencies = (
			);
			productName = OneNumberWidget;
			productReference = 40B837665A91031932F9A7F1 /* OneNumberWidget.appex */;
			productType = "com.apple.product-type.app-extension";
		};
		93B6401045CB1B898D8A1E69 /* Lunchbox */ = {
			isa = PBXNativeTarget;
			buildConfigurationList = 42AED39A34EB6AFC901E3830 /* Build configuration list for PBXNativeTarget "Lunchbox" */;
			buildPhases = (
				80BDFB1FA7E19567218D70EF /* Sources */,
				399B78D457728215D2F38248 /* Embed Foundation Extensions */,
			);
			buildRules = (
			);
			dependencies = (
				1EFD8CE0E6BB72415FB1BB36 /* PBXTargetDependency */,
			);
			name = Lunchbox;
			packageProductDependencies = (
			);
			productName = Lunchbox;
			productReference = AFABFDD6529C32793E22984B /* Lunchbox.app */;
			productType = "com.apple.product-type.application";
		};
/* End PBXNativeTarget section */

/* Begin PBXProject section */
		D1F89756A513547DF9285FEB /* Project object */ = {
			isa = PBXProject;
			attributes = {
				BuildIndependentTargetsInParallel = YES;
				LastUpgradeCheck = 1430;
				TargetAttributes = {
					0E2B86FB16AAFE49A9D26AAA = {
						DevelopmentTeam = 44LJQT9WG3;
						ProvisioningStyle = Automatic;
					};
					93B6401045CB1B898D8A1E69 = {
						DevelopmentTeam = 44LJQT9WG3;
						ProvisioningStyle = Automatic;
					};
				};
			};
			buildConfigurationList = 73A64726B77106AF9EE07B04 /* Build configuration list for PBXProject "Lunchbox" */;
			developmentRegion = en;
			hasScannedForEncodings = 0;
			knownRegions = (
				Base,
				en,
			);
			mainGroup = BBA69DE23CA694435E42502F;
			minimizedProjectReferenceProxies = 1;
			preferredProjectObjectVersion = 77;
			productRefGroup = B3A2EF0B5BBB0726C9CE9CF6 /* Products */;
			projectDirPath = "";
			projectRoot = "";
			targets = (
				93B6401045CB1B898D8A1E69 /* Lunchbox */,
				0E2B86FB16AAFE49A9D26AAA /* OneNumberWidget */,
			);
		};
/* End PBXProject section */

/* Begin PBXSourcesBuildPhase section */
		549ED0AEAA464ACB183AB40A /* Sources */ = {
			isa = PBXSourcesBuildPhase;
			buildActionMask = 2147483647;
			files = (
				E39AC594D951D07EEE42EA6B /* DevHostConfig.swift in Sources */,
				62B9E6101F30845D5B81B100 /* LunchboxSnapshot.swift in Sources */,
				6A6E0DF6EA80DDBAF2A48F1E /* LunchboxWidget.swift in Sources */,
				058EC1BFB4A272F8E6F8A7A7 /* LunchboxWidgetBundle.swift in Sources */,
				A1292CB0C34EAFD5F0DE0A0A /* LunchboxWidgetIntent.swift in Sources */,
				830775ADAFBA9DDAE7BA4971 /* SnapshotFetcher.swift in Sources */,
				E4EFDCAEE8A43B236C229048 /* SnapshotStore.swift in Sources */,
			);
			runOnlyForDeploymentPostprocessing = 0;
		};
		80BDFB1FA7E19567218D70EF /* Sources */ = {
			isa = PBXSourcesBuildPhase;
			buildActionMask = 2147483647;
			files = (
				525EDA327F399727FE4FD759 /* AppViewModel.swift in Sources */,
				EBE4D0F788BCDAD250890A64 /* ContentView.swift in Sources */,
				48184291BEA4D2C88FA161B4 /* DevHostConfig.swift in Sources */,
				207F0017BB9C56A6FF90D8F9 /* LunchboxApp.swift in Sources */,
				36B7A4B9B56B3DF60A64D84A /* LunchboxSnapshot.swift in Sources */,
				494F63576D5EFCC134D43CFE /* SnapshotFetcher.swift in Sources */,
				DF907D2B3A02FC096414C74B /* SnapshotStore.swift in Sources */,
			);
			runOnlyForDeploymentPostprocessing = 0;
		};
/* End PBXSourcesBuildPhase section */

/* Begin PBXTargetDependency section */
		1EFD8CE0E6BB72415FB1BB36 /* PBXTargetDependency */ = {
			isa = PBXTargetDependency;
			target = 0E2B86FB16AAFE49A9D26AAA /* OneNumberWidget */;
			targetProxy = E8B2F14C8CE877B7E9D093AF /* PBXContainerItemProxy */;
		};
/* End PBXTargetDependency section */

/* Begin XCBuildConfiguration section */
		10F593451CB23D470CEDEDF9 /* Debug */ = {
			isa = XCBuildConfiguration;
			buildSettings = {
				ASSETCATALOG_COMPILER_APPICON_NAME = AppIcon;
				CODE_SIGN_IDENTITY = "iPhone Developer";
				CODE_SIGN_STYLE = Automatic;
				DEVELOPMENT_TEAM = 44LJQT9WG3;
				GENERATE_INFOPLIST_FILE = NO;
				INFOPLIST_FILE = ios/Lunchbox/Info.plist;
				LD_RUNPATH_SEARCH_PATHS = (
					"$(inherited)",
					"@executable_path/Frameworks",
				);
				PRODUCT_BUNDLE_IDENTIFIER = com.patrickfoley.Lunchbox;
				PRODUCT_NAME = Lunchbox;
				SDKROOT = iphoneos;
				TARGETED_DEVICE_FAMILY = "1,2";
			};
			name = Debug;
		};
		516DFF4A9524F53FBEA87E62 /* Debug */ = {
			isa = XCBuildConfiguration;
			buildSettings = {
				CODE_SIGN_STYLE = Automatic;
				DEVELOPMENT_TEAM = 44LJQT9WG3;
				GENERATE_INFOPLIST_FILE = NO;
				INFOPLIST_FILE = ios/OneNumberWidget/Info.plist;
				INFOPLIST_KEY_LSRequiresIPhoneOS = YES;
				INFOPLIST_KEY_UIBackgroundModes = (
					fetch,
				);
				LD_RUNPATH_SEARCH_PATHS = (
					"$(inherited)",
					"@executable_path/Frameworks",
					"@executable_path/../../Frameworks",
				);
				PRODUCT_BUNDLE_IDENTIFIER = com.patrickfoley.Lunchbox.onenumberwidget;
				PRODUCT_NAME = OneNumberWidget;
				SDKROOT = iphoneos;
				SKIP_INSTALL = YES;
				TARGETED_DEVICE_FAMILY = "1,2";
			};
			name = Debug;
		};
		55EF104B228897161ED92D85 /* Release */ = {
			isa = XCBuildConfiguration;
			buildSettings = {
				ALWAYS_SEARCH_USER_PATHS = NO;
				CLANG_ANALYZER_NONNULL = YES;
				CLANG_ANALYZER_NUMBER_OBJECT_CONVERSION = YES_AGGRESSIVE;
				CLANG_CXX_LANGUAGE_STANDARD = "gnu++14";
				CLANG_CXX_LIBRARY = "libc++";
				CLANG_ENABLE_MODULES = YES;
				CLANG_ENABLE_OBJC_ARC = YES;
				CLANG_ENABLE_OBJC_WEAK = YES;
				CLANG_WARN_BLOCK_CAPTURE_AUTORELEASING = YES;
				CLANG_WARN_BOOL_CONVERSION = YES;
				CLANG_WARN_COMMA = YES;
				CLANG_WARN_CONSTANT_CONVERSION = YES;
				CLANG_WARN_DEPRECATED_OBJC_IMPLEMENTATIONS = YES;
				CLANG_WARN_DIRECT_OBJC_ISA_USAGE = YES_ERROR;
				CLANG_WARN_DOCUMENTATION_COMMENTS = YES;
				CLANG_WARN_EMPTY_BODY = YES;
				CLANG_WARN_ENUM_CONVERSION = YES;
				CLANG_WARN_INFINITE_RECURSION = YES;
				CLANG_WARN_INT_CONVERSION = YES;
				CLANG_WARN_NON_LITERAL_NULL_CONVERSION = YES;
				CLANG_WARN_OBJC_IMPLICIT_RETAIN_SELF = YES;
				CLANG_WARN_OBJC_LITERAL_CONVERSION = YES;
				CLANG_WARN_OBJC_ROOT_CLASS = YES_ERROR;
				CLANG_WARN_QUOTED_INCLUDE_IN_FRAMEWORK_HEADER = YES;
				CLANG_WARN_RANGE_LOOP_ANALYSIS = YES;
				CLANG_WARN_STRICT_PROTOTYPES = YES;
				CLANG_WARN_SUSPICIOUS_MOVE = YES;
				CLANG_WARN_UNGUARDED_AVAILABILITY = YES_AGGRESSIVE;
				CLANG_WARN_UNREACHABLE_CODE = YES;
				CLANG_WARN__DUPLICATE_METHOD_MATCH = YES;
				COPY_PHASE_STRIP = NO;
				CURRENT_PROJECT_VERSION = 1;
				DEBUG_INFORMATION_FORMAT = "dwarf-with-dsym";
				DEVELOPMENT_TEAM = 44LJQT9WG3;
				ENABLE_NS_ASSERTIONS = NO;
				ENABLE_STRICT_OBJC_MSGSEND = YES;
				GCC_C_LANGUAGE_STANDARD = gnu11;
				GCC_NO_COMMON_BLOCKS = YES;
				GCC_WARN_64_TO_32_BIT_CONVERSION = YES;
				GCC_WARN_ABOUT_RETURN_TYPE = YES_ERROR;
				GCC_WARN_UNDECLARED_SELECTOR = YES;
				GCC_WARN_UNINITIALIZED_AUTOS = YES_AGGRESSIVE;
				GCC_WARN_UNUSED_FUNCTION = YES;
				GCC_WARN_UNUSED_VARIABLE = YES;
				GENERATE_INFOPLIST_FILE = YES;
				IPHONEOS_DEPLOYMENT_TARGET = 18.0;
				MARKETING_VERSION = 0.1;
				MTL_ENABLE_DEBUG_INFO = NO;
				MTL_FAST_MATH = YES;
				PRODUCT_NAME = "$(TARGET_NAME)";
				SDKROOT = iphoneos;
				SWIFT_COMPILATION_MODE = wholemodule;
				SWIFT_OPTIMIZATION_LEVEL = "-O";
				SWIFT_VERSION = 5.0;
			};
			name = Release;
		};
		8BF651401813C362640C4E7A /* Release */ = {
			isa = XCBuildConfiguration;
			buildSettings = {
				ASSETCATALOG_COMPILER_APPICON_NAME = AppIcon;
				CODE_SIGN_IDENTITY = "iPhone Developer";
				CODE_SIGN_STYLE = Automatic;
				DEVELOPMENT_TEAM = 44LJQT9WG3;
				GENERATE_INFOPLIST_FILE = NO;
				INFOPLIST_FILE = ios/Lunchbox/Info.plist;
				LD_RUNPATH_SEARCH_PATHS = (
					"$(inherited)",
					"@executable_path/Frameworks",
				);
				PRODUCT_BUNDLE_IDENTIFIER = com.patrickfoley.Lunchbox;
				PRODUCT_NAME = Lunchbox;
				SDKROOT = iphoneos;
				TARGETED_DEVICE_FAMILY = "1,2";
			};
			name = Release;
		};
		E021ECE72F1241521ED91F44 /* Release */ = {
			isa = XCBuildConfiguration;
			buildSettings = {
				CODE_SIGN_STYLE = Automatic;
				DEVELOPMENT_TEAM = 44LJQT9WG3;
				GENERATE_INFOPLIST_FILE = NO;
				INFOPLIST_FILE = ios/OneNumberWidget/Info.plist;
				INFOPLIST_KEY_LSRequiresIPhoneOS = YES;
				INFOPLIST_KEY_UIBackgroundModes = (
					fetch,
				);
				LD_RUNPATH_SEARCH_PATHS = (
					"$(inherited)",
					"@executable_path/Frameworks",
					"@executable_path/../../Frameworks",
				);
				PRODUCT_BUNDLE_IDENTIFIER = com.patrickfoley.Lunchbox.onenumberwidget;
				PRODUCT_NAME = OneNumberWidget;
				SDKROOT = iphoneos;
				SKIP_INSTALL = YES;
				TARGETED_DEVICE_FAMILY = "1,2";
			};
			name = Release;
		};
		F8EAC069174B67FBCE7FF994 /* Debug */ = {
			isa = XCBuildConfiguration;
			buildSettings = {
				ALWAYS_SEARCH_USER_PATHS = NO;
				CLANG_ANALYZER_NONNULL = YES;
				CLANG_ANALYZER_NUMBER_OBJECT_CONVERSION = YES_AGGRESSIVE;
				CLANG_CXX_LANGUAGE_STANDARD = "gnu++14";
				CLANG_CXX_LIBRARY = "libc++";
				CLANG_ENABLE_MODULES = YES;
				CLANG_ENABLE_OBJC_ARC = YES;
				CLANG_ENABLE_OBJC_WEAK = YES;
				CLANG_WARN_BLOCK_CAPTURE_AUTORELEASING = YES;
				CLANG_WARN_BOOL_CONVERSION = YES;
				CLANG_WARN_COMMA = YES;
				CLANG_WARN_CONSTANT_CONVERSION = YES;
				CLANG_WARN_DEPRECATED_OBJC_IMPLEMENTATIONS = YES;
				CLANG_WARN_DIRECT_OBJC_ISA_USAGE = YES_ERROR;
				CLANG_WARN_DOCUMENTATION_COMMENTS = YES;
				CLANG_WARN_EMPTY_BODY = YES;
				CLANG_WARN_ENUM_CONVERSION = YES;
				CLANG_WARN_INFINITE_RECURSION = YES;
				CLANG_WARN_INT_CONVERSION = YES;
				CLANG_WARN_NON_LITERAL_NULL_CONVERSION = YES;
				CLANG_WARN_OBJC_IMPLICIT_RETAIN_SELF = YES;
				CLANG_WARN_OBJC_LITERAL_CONVERSION = YES;
				CLANG_WARN_OBJC_ROOT_CLASS = YES_ERROR;
				CLANG_WARN_QUOTED_INCLUDE_IN_FRAMEWORK_HEADER = YES;
				CLANG_WARN_RANGE_LOOP_ANALYSIS = YES;
				CLANG_WARN_STRICT_PROTOTYPES = YES;
				CLANG_WARN_SUSPICIOUS_MOVE = YES;
				CLANG_WARN_UNGUARDED_AVAILABILITY = YES_AGGRESSIVE;
				CLANG_WARN_UNREACHABLE_CODE = YES;
				CLANG_WARN__DUPLICATE_METHOD_MATCH = YES;
				COPY_PHASE_STRIP = NO;
				CURRENT_PROJECT_VERSION = 1;
				DEBUG_INFORMATION_FORMAT = dwarf;
				DEVELOPMENT_TEAM = 44LJQT9WG3;
				ENABLE_STRICT_OBJC_MSGSEND = YES;
				ENABLE_TESTABILITY = YES;
				GCC_C_LANGUAGE_STANDARD = gnu11;
				GCC_DYNAMIC_NO_PIC = NO;
				GCC_NO_COMMON_BLOCKS = YES;
				GCC_OPTIMIZATION_LEVEL = 0;
				GCC_PREPROCESSOR_DEFINITIONS = (
					"$(inherited)",
					"DEBUG=1",
				);
				GCC_WARN_64_TO_32_BIT_CONVERSION = YES;
				GCC_WARN_ABOUT_RETURN_TYPE = YES_ERROR;
				GCC_WARN_UNDECLARED_SELECTOR = YES;
				GCC_WARN_UNINITIALIZED_AUTOS = YES_AGGRESSIVE;
				GCC_WARN_UNUSED_FUNCTION = YES;
				GCC_WARN_UNUSED_VARIABLE = YES;
				GENERATE_INFOPLIST_FILE = YES;
				IPHONEOS_DEPLOYMENT_TARGET = 18.0;
				MARKETING_VERSION = 0.1;
				MTL_ENABLE_DEBUG_INFO = INCLUDE_SOURCE;
				MTL_FAST_MATH = YES;
				ONLY_ACTIVE_ARCH = YES;
				PRODUCT_NAME = "$(TARGET_NAME)";
				SDKROOT = iphoneos;
				SWIFT_ACTIVE_COMPILATION_CONDITIONS = DEBUG;
				SWIFT_OPTIMIZATION_LEVEL = "-Onone";
				SWIFT_VERSION = 5.0;
			};
			name = Debug;
		};
/* End XCBuildConfiguration section */

/* Begin XCConfigurationList section */
		42AED39A34EB6AFC901E3830 /* Build configuration list for PBXNativeTarget "Lunchbox" */ = {
			isa = XCConfigurationList;
			buildConfigurations = (
				10F593451CB23D470CEDEDF9 /* Debug */,
				8BF651401813C362640C4E7A /* Release */,
			);
			defaultConfigurationIsVisible = 0;
			defaultConfigurationName = Debug;
		};
		73A64726B77106AF9EE07B04 /* Build configuration list for PBXProject "Lunchbox" */ = {
			isa = XCConfigurationList;
			buildConfigurations = (
				F8EAC069174B67FBCE7FF994 /* Debug */,
				55EF104B228897161ED92D85 /* Release */,
			);
			defaultConfigurationIsVisible = 0;
			defaultConfigurationName = Debug;
		};
		93D94F8F78209D78A5701C13 /* Build configuration list for PBXNativeTarget "OneNumberWidget" */ = {
			isa = XCConfigurationList;
			buildConfigurations = (
				516DFF4A9524F53FBEA87E62 /* Debug */,
				E021ECE72F1241521ED91F44 /* Release */,
			);
			defaultConfigurationIsVisible = 0;
			defaultConfigurationName = Debug;
		};
/* End XCConfigurationList section */
	};
	rootObject = D1F89756A513547DF9285FEB /* Project object */;
}
